
Microsoft Visual Studio Solution File, Format Version 12.00
# Visual Studio 15
VisualStudioVersion = 15.0.27703.2018
MinimumVisualStudioVersion = 10.0.40219.1
Project("{FAE04EC0-301F-11D3-BF4B-00C04F79EFBC}") = "RegitrationAPI", "RegitrationAPI\RegitrationAPI.csproj", "{4A7F196E-299E-4A66-9198-9F822ABE9B6A}"
EndProject
Global
	GlobalSection(SolutionConfigurationPlatforms) = preSolution
		Debug|Any CPU = Debug|Any CPU
		Release|Any CPU = Release|Any CPU
	EndGlobalSection
	GlobalSection(ProjectConfigurationPlatforms) = postSolution
		{4A7F196E-299E-4A66-9198-9F822ABE9B6A}.Debug|Any CPU.ActiveCfg = Debug|Any CPU
		{4A7F196E-299E-4A66-9198-9F822ABE9B6A}.Debug|Any CPU.Build.0 = Debug|Any CPU
		{4A7F196E-299E-4A66-9198-9F822ABE9B6A}.Release|Any CPU.ActiveCfg = Release|Any CPU
		{4A7F196E-299E-4A66-9198-9F822ABE9B6A}.Release|Any CPU.Build.0 = Release|Any CPU
	EndGlobalSection
	GlobalSection(SolutionProperties) = preSolution
		HideSolutionNode = FALSE
	EndGlobalSection
	GlobalSection(ExtensibilityGlobals) = postSolution
		SolutionGuid = {2AC9D704-0EEE-4698-9BBF-75497455E12A}
	EndGlobalSection
EndGlobal
